
Microsoft Visual Studio Solution File, Format Version 12.00
# Visual Studio Version 17
VisualStudioVersion = 17.8.34330.188
MinimumVisualStudioVersion = 10.0.40219.1
Project("{9A19103F-16F7-4668-BE54-9A1E7A4F7556}") = "BebopTransferBridge", "BebopTransferBridge\BebopTransferBridge.csproj", "{8D5CB0D5-80EF-4CB7-93D6-FE4FFD6F879C}"
EndProject
Project("{FAE04EC0-301F-11D3-BF4B-00C04F79EFBC}") = "BebopTransferBridge.Infrastructure", "BebopTransferBridge.Infrastructure\BebopTransferBridge.Infrastructure.csproj", "{1AFED272-14F4-4061-BC5E-F90A7FBB3221}"
EndProject
Project("{FAE04EC0-301F-11D3-BF4B-00C04F79EFBC}") = "BebopTransferBridge.Domain", "BebopTransferBridge.Domain\BebopTransferBridge.Domain.csproj", "{435F53E7-FB6A-41D2-B8C1-98EEECE45BC8}"
EndProject
Global
	GlobalSection(SolutionConfigurationPlatforms) = preSolution
		Debug|Any CPU = Debug|Any CPU
		Release|Any CPU = Release|Any CPU
	EndGlobalSection
	GlobalSection(ProjectConfigurationPlatforms) = postSolution
		{8D5CB0D5-80EF-4CB7-93D6-FE4FFD6F879C}.Debug|Any CPU.ActiveCfg = Debug|Any CPU
		{8D5CB0D5-80EF-4CB7-93D6-FE4FFD6F879C}.Debug|Any CPU.Build.0 = Debug|Any CPU
		{8D5CB0D5-80EF-4CB7-93D6-FE4FFD6F879C}.Release|Any CPU.ActiveCfg = Release|Any CPU
		{8D5CB0D5-80EF-4CB7-93D6-FE4FFD6F879C}.Release|Any CPU.Build.0 = Release|Any CPU
		{1AFED272-14F4-4061-BC5E-F90A7FBB3221}.Debug|Any CPU.ActiveCfg = Debug|Any CPU
		{1AFED272-14F4-4061-BC5E-F90A7FBB3221}.Debug|Any CPU.Build.0 = Debug|Any CPU
		{1AFED272-14F4-4061-BC5E-F90A7FBB3221}.Release|Any CPU.ActiveCfg = Release|Any CPU
		{1AFED272-14F4-4061-BC5E-F90A7FBB3221}.Release|Any CPU.Build.0 = Release|Any CPU
		{435F53E7-FB6A-41D2-B8C1-98EEECE45BC8}.Debug|Any CPU.ActiveCfg = Debug|Any CPU
		{435F53E7-FB6A-41D2-B8C1-98EEECE45BC8}.Debug|Any CPU.Build.0 = Debug|Any CPU
		{435F53E7-FB6A-41D2-B8C1-98EEECE45BC8}.Release|Any CPU.ActiveCfg = Release|Any CPU
		{435F53E7-FB6A-41D2-B8C1-98EEECE45BC8}.Release|Any CPU.Build.0 = Release|Any CPU
	EndGlobalSection
	GlobalSection(SolutionProperties) = preSolution
		HideSolutionNode = FALSE
	EndGlobalSection
	GlobalSection(ExtensibilityGlobals) = postSolution
		SolutionGuid = {4C3768C7-E40E-4C75-98B4-B83888CA9F43}
	EndGlobalSection
EndGlobal
